
Microsoft Visual Studio Solution File, Format Version 12.00
# Visual Studio Version 16
VisualStudioVersion = 16.0.29609.76
MinimumVisualStudioVersion = 10.0.40219.1
Project("{FAE04EC0-301F-11D3-BF4B-00C04F79EFBC}") = "ComputerShop", "ComputerShop\ComputerShop.csproj", "{DC5C5C46-3604-4A4F-BBA7-097564402700}"
EndProject
Global
	GlobalSection(SolutionConfigurationPlatforms) = preSolution
		Debug|Any CPU = Debug|Any CPU
		Release|Any CPU = Release|Any CPU
	EndGlobalSection
	GlobalSection(ProjectConfigurationPlatforms) = postSolution
		{DC5C5C46-3604-4A4F-BBA7-097564402700}.Debug|Any CPU.ActiveCfg = Debug|Any CPU
		{DC5C5C46-3604-4A4F-BBA7-097564402700}.Debug|Any CPU.Build.0 = Debug|Any CPU
		{DC5C5C46-3604-4A4F-BBA7-097564402700}.Release|Any CPU.ActiveCfg = Release|Any CPU
		{DC5C5C46-3604-4A4F-BBA7-097564402700}.Release|Any CPU.Build.0 = Release|Any CPU
	EndGlobalSection
	GlobalSection(SolutionProperties) = preSolution
		HideSolutionNode = FALSE
	EndGlobalSection
	GlobalSection(ExtensibilityGlobals) = postSolution
		SolutionGuid = {50962A3F-A1C0-470B-B36B-4777F1A2D195}
	EndGlobalSection
EndGlobal
